
Microsoft Visual Studio Solution File, Format Version 12.00
# Visual Studio Version 17
VisualStudioVersion = 17.4.33205.214
MinimumVisualStudioVersion = 10.0.40219.1
Project("{FAE04EC0-301F-11D3-BF4B-00C04F79EFBC}") = "WebApplication", "WebApplication\WebApplication.csproj", "{6D7F49D8-BD13-4C4B-9429-2CDC70E37A7D}"
EndProject
Global
	GlobalSection(SolutionConfigurationPlatforms) = preSolution
		Debug|Any CPU = Debug|Any CPU
		Release|Any CPU = Release|Any CPU
	EndGlobalSection
	GlobalSection(ProjectConfigurationPlatforms) = postSolution
		{6D7F49D8-BD13-4C4B-9429-2CDC70E37A7D}.Debug|Any CPU.ActiveCfg = Debug|Any CPU
		{6D7F49D8-BD13-4C4B-9429-2CDC70E37A7D}.Debug|Any CPU.Build.0 = Debug|Any CPU
		{6D7F49D8-BD13-4C4B-9429-2CDC70E37A7D}.Release|Any CPU.ActiveCfg = Release|Any CPU
		{6D7F49D8-BD13-4C4B-9429-2CDC70E37A7D}.Release|Any CPU.Build.0 = Release|Any CPU
	EndGlobalSection
	GlobalSection(SolutionProperties) = preSolution
		HideSolutionNode = FALSE
	EndGlobalSection
	GlobalSection(ExtensibilityGlobals) = postSolution
		SolutionGuid = {6BDBACC9-5F45-4E90-9D63-00FD32B33B90}
	EndGlobalSection
EndGlobal
