
Microsoft Visual Studio Solution File, Format Version 12.00
# Visual Studio Version 17
VisualStudioVersion = 17.4.33205.214
MinimumVisualStudioVersion = 10.0.40219.1
Project("{FAE04EC0-301F-11D3-BF4B-00C04F79EFBC}") = "TruongVietHoang_QLThongTin_MVC", "TruongVietHoang_QLThongTin_MVC\TruongVietHoang_QLThongTin_MVC.csproj", "{7FB5BA30-3561-4678-A3C9-C3F3BBC3D873}"
EndProject
Global
	GlobalSection(SolutionConfigurationPlatforms) = preSolution
		Debug|Any CPU = Debug|Any CPU
		Release|Any CPU = Release|Any CPU
	EndGlobalSection
	GlobalSection(ProjectConfigurationPlatforms) = postSolution
		{7FB5BA30-3561-4678-A3C9-C3F3BBC3D873}.Debug|Any CPU.ActiveCfg = Debug|Any CPU
		{7FB5BA30-3561-4678-A3C9-C3F3BBC3D873}.Debug|Any CPU.Build.0 = Debug|Any CPU
		{7FB5BA30-3561-4678-A3C9-C3F3BBC3D873}.Release|Any CPU.ActiveCfg = Release|Any CPU
		{7FB5BA30-3561-4678-A3C9-C3F3BBC3D873}.Release|Any CPU.Build.0 = Release|Any CPU
	EndGlobalSection
	GlobalSection(SolutionProperties) = preSolution
		HideSolutionNode = FALSE
	EndGlobalSection
	GlobalSection(ExtensibilityGlobals) = postSolution
		SolutionGuid = {26A59577-61D4-4B4E-9AD5-C7E30C8BAB24}
	EndGlobalSection
EndGlobal
