
Microsoft Visual Studio Solution File, Format Version 12.00
# Visual Studio Version 17
VisualStudioVersion = 17.4.33205.214
MinimumVisualStudioVersion = 10.0.40219.1
Project("{FAE04EC0-301F-11D3-BF4B-00C04F79EFBC}") = "WebApplication1", "WebApplication1\WebApplication1.csproj", "{3DAB8A5D-EE02-4504-A1B0-AC345E8F0813}"
EndProject
Global
	GlobalSection(SolutionConfigurationPlatforms) = preSolution
		Debug|Any CPU = Debug|Any CPU
		Release|Any CPU = Release|Any CPU
	EndGlobalSection
	GlobalSection(ProjectConfigurationPlatforms) = postSolution
		{3DAB8A5D-EE02-4504-A1B0-AC345E8F0813}.Debug|Any CPU.ActiveCfg = Debug|Any CPU
		{3DAB8A5D-EE02-4504-A1B0-AC345E8F0813}.Debug|Any CPU.Build.0 = Debug|Any CPU
		{3DAB8A5D-EE02-4504-A1B0-AC345E8F0813}.Release|Any CPU.ActiveCfg = Release|Any CPU
		{3DAB8A5D-EE02-4504-A1B0-AC345E8F0813}.Release|Any CPU.Build.0 = Release|Any CPU
	EndGlobalSection
	GlobalSection(SolutionProperties) = preSolution
		HideSolutionNode = FALSE
	EndGlobalSection
	GlobalSection(ExtensibilityGlobals) = postSolution
		SolutionGuid = {984E4ABF-A4A1-448F-A2EB-2471B36293BD}
	EndGlobalSection
EndGlobal
