
Microsoft Visual Studio Solution File, Format Version 12.00
# Visual Studio Version 17
VisualStudioVersion = 17.4.33205.214
MinimumVisualStudioVersion = 10.0.40219.1
Project("{FAE04EC0-301F-11D3-BF4B-00C04F79EFBC}") = "ConnectDB2", "ConnectDB2\ConnectDB2.csproj", "{2FF8A4C5-386D-4F1C-B7F7-478134BD7B31}"
EndProject
Global
	GlobalSection(SolutionConfigurationPlatforms) = preSolution
		Debug|Any CPU = Debug|Any CPU
		Release|Any CPU = Release|Any CPU
	EndGlobalSection
	GlobalSection(ProjectConfigurationPlatforms) = postSolution
		{2FF8A4C5-386D-4F1C-B7F7-478134BD7B31}.Debug|Any CPU.ActiveCfg = Debug|Any CPU
		{2FF8A4C5-386D-4F1C-B7F7-478134BD7B31}.Debug|Any CPU.Build.0 = Debug|Any CPU
		{2FF8A4C5-386D-4F1C-B7F7-478134BD7B31}.Release|Any CPU.ActiveCfg = Release|Any CPU
		{2FF8A4C5-386D-4F1C-B7F7-478134BD7B31}.Release|Any CPU.Build.0 = Release|Any CPU
	EndGlobalSection
	GlobalSection(SolutionProperties) = preSolution
		HideSolutionNode = FALSE
	EndGlobalSection
	GlobalSection(ExtensibilityGlobals) = postSolution
		SolutionGuid = {2CDAF4B1-F561-4F9E-BB27-C0D64FA66841}
	EndGlobalSection
EndGlobal
